// !$*UTF8*$!
{
	archiveVersion = 1;
	classes = {
	};
	objectVersion = 46;
	objects = {

/* Begin PBXBuildFile section */
		1F7EDE191D45E0D300ABED5D /* main.m in Sources */ = {isa = PBXBuildFile; fileRef = 1F7EDE181D45E0D300ABED5D /* main.m */; };
		1F7EDE241D45E0D300ABED5D /* Assets.xcassets in Resources */ = {isa = PBXBuildFile; fileRef = 1F7EDE231D45E0D300ABED5D /* Assets.xcassets */; };
		1F7EDE271D45E0D300ABED5D /* LaunchScreen.storyboard in Resources */ = {isa = PBXBuildFile; fileRef = 1F7EDE251D45E0D300ABED5D /* LaunchScreen.storyboard */; };
		1F7EDE321D45E0D300ABED5D /* FifishTests.m in Sources */ = {isa = PBXBuildFile; fileRef = 1F7EDE311D45E0D300ABED5D /* FifishTests.m */; };
		1F7EDE3D1D45E0D300ABED5D /* FifishUITests.m in Sources */ = {isa = PBXBuildFile; fileRef = 1F7EDE3C1D45E0D300ABED5D /* FifishUITests.m */; };
		1F7EDE941D45EF6900ABED5D /* FSEquipmentViewController.m in Sources */ = {isa = PBXBuildFile; fileRef = 1F7EDE6D1D45EF6900ABED5D /* FSEquipmentViewController.m */; };
		1F7EDE951D45EF6900ABED5D /* FSEquipmentViewController.xib in Resources */ = {isa = PBXBuildFile; fileRef = 1F7EDE6E1D45EF6900ABED5D /* FSEquipmentViewController.xib */; };
		1F7EDE961D45EF6900ABED5D /* FSFoundViewController.m in Sources */ = {isa = PBXBuildFile; fileRef = 1F7EDE741D45EF6900ABED5D /* FSFoundViewController.m */; };
		1F7EDE971D45EF6900ABED5D /* FSFoundViewController.xib in Resources */ = {isa = PBXBuildFile; fileRef = 1F7EDE751D45EF6900ABED5D /* FSFoundViewController.xib */; };
		1F7EDE981D45EF6900ABED5D /* FSHomeViewController.m in Sources */ = {isa = PBXBuildFile; fileRef = 1F7EDE7B1D45EF6900ABED5D /* FSHomeViewController.m */; };
		1F7EDE991D45EF6900ABED5D /* FSHomeViewController.xib in Resources */ = {isa = PBXBuildFile; fileRef = 1F7EDE7C1D45EF6900ABED5D /* FSHomeViewController.xib */; };
		1F7EDE9A1D45EF6900ABED5D /* FSMeViewController.m in Sources */ = {isa = PBXBuildFile; fileRef = 1F7EDE821D45EF6900ABED5D /* FSMeViewController.m */; };
		1F7EDE9B1D45EF6900ABED5D /* FSMeViewController.xib in Resources */ = {isa = PBXBuildFile; fileRef = 1F7EDE831D45EF6900ABED5D /* FSMeViewController.xib */; };
		1F7EDE9C1D45EF6900ABED5D /* FSMediaViewController.m in Sources */ = {isa = PBXBuildFile; fileRef = 1F7EDE891D45EF6900ABED5D /* FSMediaViewController.m */; };
		1F7EDE9D1D45EF6900ABED5D /* FSMediaViewController.xib in Resources */ = {isa = PBXBuildFile; fileRef = 1F7EDE8A1D45EF6900ABED5D /* FSMediaViewController.xib */; };
		1F7EDE9E1D45EF6900ABED5D /* AppDelegate.m in Sources */ = {isa = PBXBuildFile; fileRef = 1F7EDE8F1D45EF6900ABED5D /* AppDelegate.m */; };
		1F7EDE9F1D45EF6900ABED5D /* FSTabBarController.m in Sources */ = {isa = PBXBuildFile; fileRef = 1F7EDE921D45EF6900ABED5D /* FSTabBarController.m */; };
		1F7EDEA21D45F15D00ABED5D /* FSTabBar.m in Sources */ = {isa = PBXBuildFile; fileRef = 1F7EDEA11D45F15D00ABED5D /* FSTabBar.m */; };
		1F7EDEA61D45F4AD00ABED5D /* UIView+FSExtension.m in Sources */ = {isa = PBXBuildFile; fileRef = 1F7EDEA51D45F4AD00ABED5D /* UIView+FSExtension.m */; };
		1F7EDEA91D45F9A500ABED5D /* FSConst.m in Sources */ = {isa = PBXBuildFile; fileRef = 1F7EDEA81D45F9A500ABED5D /* FSConst.m */; };
		1F7EDEAE1D45FFCA00ABED5D /* UIColor+FSExtension.m in Sources */ = {isa = PBXBuildFile; fileRef = 1F7EDEAD1D45FFCA00ABED5D /* UIColor+FSExtension.m */; };
/* End PBXBuildFile section */

/* Begin PBXContainerItemProxy section */
		1F7EDE2E1D45E0D300ABED5D /* PBXContainerItemProxy */ = {
			isa = PBXContainerItemProxy;
			containerPortal = 1F7EDE0C1D45E0D200ABED5D /* Project object */;
			proxyType = 1;
			remoteGlobalIDString = 1F7EDE131D45E0D200ABED5D;
			remoteInfo = Fifish;
		};
		1F7EDE391D45E0D300ABED5D /* PBXContainerItemProxy */ = {
			isa = PBXContainerItemProxy;
			containerPortal = 1F7EDE0C1D45E0D200ABED5D /* Project object */;
			proxyType = 1;
			remoteGlobalIDString = 1F7EDE131D45E0D200ABED5D;
			remoteInfo = Fifish;
		};
/* End PBXContainerItemProxy section */

/* Begin PBXFileReference section */
		1F7EDE141D45E0D200ABED5D /* Fifish.app */ = {isa = PBXFileReference; explicitFileType = wrapper.application; includeInIndex = 0; path = Fifish.app; sourceTree = BUILT_PRODUCTS_DIR; };
		1F7EDE181D45E0D300ABED5D /* main.m */ = {isa = PBXFileReference; lastKnownFileType = sourcecode.c.objc; path = main.m; sourceTree = "<group>"; };
		1F7EDE231D45E0D300ABED5D /* Assets.xcassets */ = {isa = PBXFileReference; lastKnownFileType = folder.assetcatalog; path = Assets.xcassets; sourceTree = "<group>"; };
		1F7EDE261D45E0D300ABED5D /* Base */ = {isa = PBXFileReference; lastKnownFileType = file.storyboard; name = Base; path = Base.lproj/LaunchScreen.storyboard; sourceTree = "<group>"; };
		1F7EDE281D45E0D300ABED5D /* Info.plist */ = {isa = PBXFileReference; lastKnownFileType = text.plist.xml; path = Info.plist; sourceTree = "<group>"; };
		1F7EDE2D1D45E0D300ABED5D /* FifishTests.xctest */ = {isa = PBXFileReference; explicitFileType = wrapper.cfbundle; includeInIndex = 0; path = FifishTests.xctest; sourceTree = BUILT_PRODUCTS_DIR; };
		1F7EDE311D45E0D300ABED5D /* FifishTests.m */ = {isa = PBXFileReference; lastKnownFileType = sourcecode.c.objc; path = FifishTests.m; sourceTree = "<group>"; };
		1F7EDE331D45E0D300ABED5D /* Info.plist */ = {isa = PBXFileReference; lastKnownFileType = text.plist.xml; path = Info.plist; sourceTree = "<group>"; };
		1F7EDE381D45E0D300ABED5D /* FifishUITests.xctest */ = {isa = PBXFileReference; explicitFileType = wrapper.cfbundle; includeInIndex = 0; path = FifishUITests.xctest; sourceTree = BUILT_PRODUCTS_DIR; };
		1F7EDE3C1D45E0D300ABED5D /* FifishUITests.m */ = {isa = PBXFileReference; lastKnownFileType = sourcecode.c.objc; path = FifishUITests.m; sourceTree = "<group>"; };
		1F7EDE3E1D45E0D300ABED5D /* Info.plist */ = {isa = PBXFileReference; lastKnownFileType = text.plist.xml; path = Info.plist; sourceTree = "<group>"; };
		1F7EDE6C1D45EF6900ABED5D /* FSEquipmentViewController.h */ = {isa = PBXFileReference; fileEncoding = 4; lastKnownFileType = sourcecode.c.h; path = FSEquipmentViewController.h; sourceTree = "<group>"; };
		1F7EDE6D1D45EF6900ABED5D /* FSEquipmentViewController.m */ = {isa = PBXFileReference; fileEncoding = 4; lastKnownFileType = sourcecode.c.objc; path = FSEquipmentViewController.m; sourceTree = "<group>"; };
		1F7EDE6E1D45EF6900ABED5D /* FSEquipmentViewController.xib */ = {isa = PBXFileReference; fileEncoding = 4; lastKnownFileType = file.xib; path = FSEquipmentViewController.xib; sourceTree = "<group>"; };
		1F7EDE731D45EF6900ABED5D /* FSFoundViewController.h */ = {isa = PBXFileReference; fileEncoding = 4; lastKnownFileType = sourcecode.c.h; path = FSFoundViewController.h; sourceTree = "<group>"; };
		1F7EDE741D45EF6900ABED5D /* FSFoundViewController.m */ = {isa = PBXFileReference; fileEncoding = 4; lastKnownFileType = sourcecode.c.objc; path = FSFoundViewController.m; sourceTree = "<group>"; };
		1F7EDE751D45EF6900ABED5D /* FSFoundViewController.xib */ = {isa = PBXFileReference; fileEncoding = 4; lastKnownFileType = file.xib; path = FSFoundViewController.xib; sourceTree = "<group>"; };
		1F7EDE7A1D45EF6900ABED5D /* FSHomeViewController.h */ = {isa = PBXFileReference; fileEncoding = 4; lastKnownFileType = sourcecode.c.h; path = FSHomeViewController.h; sourceTree = "<group>"; };
		1F7EDE7B1D45EF6900ABED5D /* FSHomeViewController.m */ = {isa = PBXFileReference; fileEncoding = 4; lastKnownFileType = sourcecode.c.objc; path = FSHomeViewController.m; sourceTree = "<group>"; };
		1F7EDE7C1D45EF6900ABED5D /* FSHomeViewController.xib */ = {isa = PBXFileReference; fileEncoding = 4; lastKnownFileType = file.xib; path = FSHomeViewController.xib; sourceTree = "<group>"; };
		1F7EDE811D45EF6900ABED5D /* FSMeViewController.h */ = {isa = PBXFileReference; fileEncoding = 4; lastKnownFileType = sourcecode.c.h; path = FSMeViewController.h; sourceTree = "<group>"; };
		1F7EDE821D45EF6900ABED5D /* FSMeViewController.m */ = {isa = PBXFileReference; fileEncoding = 4; lastKnownFileType = sourcecode.c.objc; path = FSMeViewController.m; sourceTree = "<group>"; };
		1F7EDE831D45EF6900ABED5D /* FSMeViewController.xib */ = {isa = PBXFileReference; fileEncoding = 4; lastKnownFileType = file.xib; path = FSMeViewController.xib; sourceTree = "<group>"; };
		1F7EDE881D45EF6900ABED5D /* FSMediaViewController.h */ = {isa = PBXFileReference; fileEncoding = 4; lastKnownFileType = sourcecode.c.h; path = FSMediaViewController.h; sourceTree = "<group>"; };
		1F7EDE891D45EF6900ABED5D /* FSMediaViewController.m */ = {isa = PBXFileReference; fileEncoding = 4; lastKnownFileType = sourcecode.c.objc; path = FSMediaViewController.m; sourceTree = "<group>"; };
		1F7EDE8A1D45EF6900ABED5D /* FSMediaViewController.xib */ = {isa = PBXFileReference; fileEncoding = 4; lastKnownFileType = file.xib; path = FSMediaViewController.xib; sourceTree = "<group>"; };
		1F7EDE8E1D45EF6900ABED5D /* AppDelegate.h */ = {isa = PBXFileReference; fileEncoding = 4; lastKnownFileType = sourcecode.c.h; path = AppDelegate.h; sourceTree = "<group>"; };
		1F7EDE8F1D45EF6900ABED5D /* AppDelegate.m */ = {isa = PBXFileReference; fileEncoding = 4; lastKnownFileType = sourcecode.c.objc; path = AppDelegate.m; sourceTree = "<group>"; };
		1F7EDE911D45EF6900ABED5D /* FSTabBarController.h */ = {isa = PBXFileReference; fileEncoding = 4; lastKnownFileType = sourcecode.c.h; path = FSTabBarController.h; sourceTree = "<group>"; };
		1F7EDE921D45EF6900ABED5D /* FSTabBarController.m */ = {isa = PBXFileReference; fileEncoding = 4; lastKnownFileType = sourcecode.c.objc; path = FSTabBarController.m; sourceTree = "<group>"; };
		1F7EDEA01D45F15D00ABED5D /* FSTabBar.h */ = {isa = PBXFileReference; fileEncoding = 4; lastKnownFileType = sourcecode.c.h; path = FSTabBar.h; sourceTree = "<group>"; };
		1F7EDEA11D45F15D00ABED5D /* FSTabBar.m */ = {isa = PBXFileReference; fileEncoding = 4; lastKnownFileType = sourcecode.c.objc; path = FSTabBar.m; sourceTree = "<group>"; };
		1F7EDEA41D45F4AD00ABED5D /* UIView+FSExtension.h */ = {isa = PBXFileReference; fileEncoding = 4; lastKnownFileType = sourcecode.c.h; path = "UIView+FSExtension.h"; sourceTree = "<group>"; };
		1F7EDEA51D45F4AD00ABED5D /* UIView+FSExtension.m */ = {isa = PBXFileReference; fileEncoding = 4; lastKnownFileType = sourcecode.c.objc; path = "UIView+FSExtension.m"; sourceTree = "<group>"; };
		1F7EDEA71D45F9A500ABED5D /* FSConst.h */ = {isa = PBXFileReference; fileEncoding = 4; lastKnownFileType = sourcecode.c.h; path = FSConst.h; sourceTree = "<group>"; };
		1F7EDEA81D45F9A500ABED5D /* FSConst.m */ = {isa = PBXFileReference; fileEncoding = 4; lastKnownFileType = sourcecode.c.objc; path = FSConst.m; sourceTree = "<group>"; };
		1F7EDEAC1D45FFCA00ABED5D /* UIColor+FSExtension.h */ = {isa = PBXFileReference; fileEncoding = 4; lastKnownFileType = sourcecode.c.h; path = "UIColor+FSExtension.h"; sourceTree = "<group>"; };
		1F7EDEAD1D45FFCA00ABED5D /* UIColor+FSExtension.m */ = {isa = PBXFileReference; fileEncoding = 4; lastKnownFileType = sourcecode.c.objc; path = "UIColor+FSExtension.m"; sourceTree = "<group>"; };
/* End PBXFileReference section */

/* Begin PBXFrameworksBuildPhase section */
		1F7EDE111D45E0D200ABED5D /* Frameworks */ = {
			isa = PBXFrameworksBuildPhase;
			buildActionMask = 2147483647;
			files = (
			);
			runOnlyForDeploymentPostprocessing = 0;
		};
		1F7EDE2A1D45E0D300ABED5D /* Frameworks */ = {
			isa = PBXFrameworksBuildPhase;
			buildActionMask = 2147483647;
			files = (
			);
			runOnlyForDeploymentPostprocessing = 0;
		};
		1F7EDE351D45E0D300ABED5D /* Frameworks */ = {
			isa = PBXFrameworksBuildPhase;
			buildActionMask = 2147483647;
			files = (
			);
			runOnlyForDeploymentPostprocessing = 0;
		};
/* End PBXFrameworksBuildPhase section */

/* Begin PBXGroup section */
		1F7EDE0B1D45E0D200ABED5D = {
			isa = PBXGroup;
			children = (
				1F7EDE161D45E0D300ABED5D /* Fifish */,
				1F7EDE301D45E0D300ABED5D /* FifishTests */,
				1F7EDE3B1D45E0D300ABED5D /* FifishUITests */,
				1F7EDE151D45E0D200ABED5D /* Products */,
			);
			sourceTree = "<group>";
		};
		1F7EDE151D45E0D200ABED5D /* Products */ = {
			isa = PBXGroup;
			children = (
				1F7EDE141D45E0D200ABED5D /* Fifish.app */,
				1F7EDE2D1D45E0D300ABED5D /* FifishTests.xctest */,
				1F7EDE381D45E0D300ABED5D /* FifishUITests.xctest */,
			);
			name = Products;
			sourceTree = "<group>";
		};
		1F7EDE161D45E0D300ABED5D /* Fifish */ = {
			isa = PBXGroup;
			children = (
				1F7EDE691D45EF6900ABED5D /* Classes */,
				1F7EDE171D45E0D300ABED5D /* Supporting Files */,
			);
			path = Fifish;
			sourceTree = "<group>";
		};
		1F7EDE171D45E0D300ABED5D /* Supporting Files */ = {
			isa = PBXGroup;
			children = (
				1F7EDE231D45E0D300ABED5D /* Assets.xcassets */,
				1F7EDE251D45E0D300ABED5D /* LaunchScreen.storyboard */,
				1F7EDE281D45E0D300ABED5D /* Info.plist */,
				1F7EDE181D45E0D300ABED5D /* main.m */,
			);
			name = "Supporting Files";
			sourceTree = "<group>";
		};
		1F7EDE301D45E0D300ABED5D /* FifishTests */ = {
			isa = PBXGroup;
			children = (
				1F7EDE311D45E0D300ABED5D /* FifishTests.m */,
				1F7EDE331D45E0D300ABED5D /* Info.plist */,
			);
			path = FifishTests;
			sourceTree = "<group>";
		};
		1F7EDE3B1D45E0D300ABED5D /* FifishUITests */ = {
			isa = PBXGroup;
			children = (
				1F7EDE3C1D45E0D300ABED5D /* FifishUITests.m */,
				1F7EDE3E1D45E0D300ABED5D /* Info.plist */,
			);
			path = FifishUITests;
			sourceTree = "<group>";
		};
		1F7EDE691D45EF6900ABED5D /* Classes */ = {
			isa = PBXGroup;
			children = (
				1F7EDE6A1D45EF6900ABED5D /* Equipment */,
				1F7EDE711D45EF6900ABED5D /* Found */,
				1F7EDE781D45EF6900ABED5D /* Home */,
				1F7EDE7F1D45EF6900ABED5D /* Me */,
				1F7EDE861D45EF6900ABED5D /* Media */,
				1F7EDE8D1D45EF6900ABED5D /* Other */,
			);
			path = Classes;
			sourceTree = "<group>";
		};
		1F7EDE6A1D45EF6900ABED5D /* Equipment */ = {
			isa = PBXGroup;
			children = (
				1F7EDE6B1D45EF6900ABED5D /* Controller */,
				1F7EDE6F1D45EF6900ABED5D /* Model */,
				1F7EDE701D45EF6900ABED5D /* View */,
			);
			path = Equipment;
			sourceTree = "<group>";
		};
		1F7EDE6B1D45EF6900ABED5D /* Controller */ = {
			isa = PBXGroup;
			children = (
				1F7EDE6C1D45EF6900ABED5D /* FSEquipmentViewController.h */,
				1F7EDE6D1D45EF6900ABED5D /* FSEquipmentViewController.m */,
				1F7EDE6E1D45EF6900ABED5D /* FSEquipmentViewController.xib */,
			);
			path = Controller;
			sourceTree = "<group>";
		};
		1F7EDE6F1D45EF6900ABED5D /* Model */ = {
			isa = PBXGroup;
			children = (
			);
			path = Model;
			sourceTree = "<group>";
		};
		1F7EDE701D45EF6900ABED5D /* View */ = {
			isa = PBXGroup;
			children = (
			);
			path = View;
			sourceTree = "<group>";
		};
		1F7EDE711D45EF6900ABED5D /* Found */ = {
			isa = PBXGroup;
			children = (
				1F7EDE721D45EF6900ABED5D /* Controller */,
				1F7EDE761D45EF6900ABED5D /* Model */,
				1F7EDE771D45EF6900ABED5D /* View */,
			);
			path = Found;
			sourceTree = "<group>";
		};
		1F7EDE721D45EF6900ABED5D /* Controller */ = {
			isa = PBXGroup;
			children = (
				1F7EDE731D45EF6900ABED5D /* FSFoundViewController.h */,
				1F7EDE741D45EF6900ABED5D /* FSFoundViewController.m */,
				1F7EDE751D45EF6900ABED5D /* FSFoundViewController.xib */,
			);
			path = Controller;
			sourceTree = "<group>";
		};
		1F7EDE761D45EF6900ABED5D /* Model */ = {
			isa = PBXGroup;
			children = (
			);
			path = Model;
			sourceTree = "<group>";
		};
		1F7EDE771D45EF6900ABED5D /* View */ = {
			isa = PBXGroup;
			children = (
			);
			path = View;
			sourceTree = "<group>";
		};
		1F7EDE781D45EF6900ABED5D /* Home */ = {
			isa = PBXGroup;
			children = (
				1F7EDE791D45EF6900ABED5D /* Controller */,
				1F7EDE7D1D45EF6900ABED5D /* Model */,
				1F7EDE7E1D45EF6900ABED5D /* View */,
			);
			path = Home;
			sourceTree = "<group>";
		};
		1F7EDE791D45EF6900ABED5D /* Controller */ = {
			isa = PBXGroup;
			children = (
				1F7EDE7A1D45EF6900ABED5D /* FSHomeViewController.h */,
				1F7EDE7B1D45EF6900ABED5D /* FSHomeViewController.m */,
				1F7EDE7C1D45EF6900ABED5D /* FSHomeViewController.xib */,
			);
			path = Controller;
			sourceTree = "<group>";
		};
		1F7EDE7D1D45EF6900ABED5D /* Model */ = {
			isa = PBXGroup;
			children = (
			);
			path = Model;
			sourceTree = "<group>";
		};
		1F7EDE7E1D45EF6900ABED5D /* View */ = {
			isa = PBXGroup;
			children = (
			);
			path = View;
			sourceTree = "<group>";
		};
		1F7EDE7F1D45EF6900ABED5D /* Me */ = {
			isa = PBXGroup;
			children = (
				1F7EDE801D45EF6900ABED5D /* Controller */,
				1F7EDE841D45EF6900ABED5D /* Model */,
				1F7EDE851D45EF6900ABED5D /* View */,
			);
			path = Me;
			sourceTree = "<group>";
		};
		1F7EDE801D45EF6900ABED5D /* Controller */ = {
			isa = PBXGroup;
			children = (
				1F7EDE811D45EF6900ABED5D /* FSMeViewController.h */,
				1F7EDE821D45EF6900ABED5D /* FSMeViewController.m */,
				1F7EDE831D45EF6900ABED5D /* FSMeViewController.xib */,
			);
			path = Controller;
			sourceTree = "<group>";
		};
		1F7EDE841D45EF6900ABED5D /* Model */ = {
			isa = PBXGroup;
			children = (
			);
			path = Model;
			sourceTree = "<group>";
		};
		1F7EDE851D45EF6900ABED5D /* View */ = {
			isa = PBXGroup;
			children = (
			);
			path = View;
			sourceTree = "<group>";
		};
		1F7EDE861D45EF6900ABED5D /* Media */ = {
			isa = PBXGroup;
			children = (
				1F7EDE871D45EF6900ABED5D /* Controller */,
				1F7EDE8B1D45EF6900ABED5D /* Model */,
				1F7EDE8C1D45EF6900ABED5D /* View */,
			);
			path = Media;
			sourceTree = "<group>";
		};
		1F7EDE871D45EF6900ABED5D /* Controller */ = {
			isa = PBXGroup;
			children = (
				1F7EDE881D45EF6900ABED5D /* FSMediaViewController.h */,
				1F7EDE891D45EF6900ABED5D /* FSMediaViewController.m */,
				1F7EDE8A1D45EF6900ABED5D /* FSMediaViewController.xib */,
			);
			path = Controller;
			sourceTree = "<group>";
		};
		1F7EDE8B1D45EF6900ABED5D /* Model */ = {
			isa = PBXGroup;
			children = (
			);
			path = Model;
			sourceTree = "<group>";
		};
		1F7EDE8C1D45EF6900ABED5D /* View */ = {
			isa = PBXGroup;
			children = (
			);
			path = View;
			sourceTree = "<group>";
		};
		1F7EDE8D1D45EF6900ABED5D /* Other */ = {
			isa = PBXGroup;
			children = (
				1F7EDEA31D45F41500ABED5D /* Category */,
				1F7EDE901D45EF6900ABED5D /* Controller */,
				1F7EDE931D45EF6900ABED5D /* View */,
				1F7EDE8E1D45EF6900ABED5D /* AppDelegate.h */,
				1F7EDE8F1D45EF6900ABED5D /* AppDelegate.m */,
				1F7EDEA71D45F9A500ABED5D /* FSConst.h */,
				1F7EDEA81D45F9A500ABED5D /* FSConst.m */,
			);
			path = Other;
			sourceTree = "<group>";
		};
		1F7EDE901D45EF6900ABED5D /* Controller */ = {
			isa = PBXGroup;
			children = (
				1F7EDE911D45EF6900ABED5D /* FSTabBarController.h */,
				1F7EDE921D45EF6900ABED5D /* FSTabBarController.m */,
			);
			path = Controller;
			sourceTree = "<group>";
		};
		1F7EDE931D45EF6900ABED5D /* View */ = {
			isa = PBXGroup;
			children = (
				1F7EDEA01D45F15D00ABED5D /* FSTabBar.h */,
				1F7EDEA11D45F15D00ABED5D /* FSTabBar.m */,
			);
			path = View;
			sourceTree = "<group>";
		};
		1F7EDEA31D45F41500ABED5D /* Category */ = {
			isa = PBXGroup;
			children = (
				1F7EDEA41D45F4AD00ABED5D /* UIView+FSExtension.h */,
				1F7EDEA51D45F4AD00ABED5D /* UIView+FSExtension.m */,
				1F7EDEAC1D45FFCA00ABED5D /* UIColor+FSExtension.h */,
				1F7EDEAD1D45FFCA00ABED5D /* UIColor+FSExtension.m */,
			);
			path = Category;
			sourceTree = "<group>";
		};
/* End PBXGroup section */

/* Begin PBXNativeTarget section */
		1F7EDE131D45E0D200ABED5D /* Fifish */ = {
			isa = PBXNativeTarget;
			buildConfigurationList = 1F7EDE411D45E0D300ABED5D /* Build configuration list for PBXNativeTarget "Fifish" */;
			buildPhases = (
				1F7EDE101D45E0D200ABED5D /* Sources */,
				1F7EDE111D45E0D200ABED5D /* Frameworks */,
				1F7EDE121D45E0D200ABED5D /* Resources */,
			);
			buildRules = (
			);
			dependencies = (
			);
			name = Fifish;
			productName = Fifish;
			productReference = 1F7EDE141D45E0D200ABED5D /* Fifish.app */;
			productType = "com.apple.product-type.application";
		};
		1F7EDE2C1D45E0D300ABED5D /* FifishTests */ = {
			isa = PBXNativeTarget;
			buildConfigurationList = 1F7EDE441D45E0D300ABED5D /* Build configuration list for PBXNativeTarget "FifishTests" */;
			buildPhases = (
				1F7EDE291D45E0D300ABED5D /* Sources */,
				1F7EDE2A1D45E0D300ABED5D /* Frameworks */,
				1F7EDE2B1D45E0D300ABED5D /* Resources */,
			);
			buildRules = (
			);
			dependencies = (
				1F7EDE2F1D45E0D300ABED5D /* PBXTargetDependency */,
			);
			name = FifishTests;
			productName = FifishTests;
			productReference = 1F7EDE2D1D45E0D300ABED5D /* FifishTests.xctest */;
			productType = "com.apple.product-type.bundle.unit-test";
		};
		1F7EDE371D45E0D300ABED5D /* FifishUITests */ = {
			isa = PBXNativeTarget;
			buildConfigurationList = 1F7EDE471D45E0D300ABED5D /* Build configuration list for PBXNativeTarget "FifishUITests" */;
			buildPhases = (
				1F7EDE341D45E0D300ABED5D /* Sources */,
				1F7EDE351D45E0D300ABED5D /* Frameworks */,
				1F7EDE361D45E0D300ABED5D /* Resources */,
			);
			buildRules = (
			);
			dependencies = (
				1F7EDE3A1D45E0D300ABED5D /* PBXTargetDependency */,
			);
			name = FifishUITests;
			productName = FifishUITests;
			productReference = 1F7EDE381D45E0D300ABED5D /* FifishUITests.xctest */;
			productType = "com.apple.product-type.bundle.ui-testing";
		};
/* End PBXNativeTarget section */

/* Begin PBXProject section */
		1F7EDE0C1D45E0D200ABED5D /* Project object */ = {
			isa = PBXProject;
			attributes = {
				CLASSPREFIX = FS;
				LastUpgradeCheck = 0730;
				ORGANIZATIONNAME = Dong;
				TargetAttributes = {
					1F7EDE131D45E0D200ABED5D = {
						CreatedOnToolsVersion = 7.3.1;
						DevelopmentTeam = QNKEA2Q4R9;
					};
					1F7EDE2C1D45E0D300ABED5D = {
						CreatedOnToolsVersion = 7.3.1;
						TestTargetID = 1F7EDE131D45E0D200ABED5D;
					};
					1F7EDE371D45E0D300ABED5D = {
						CreatedOnToolsVersion = 7.3.1;
						TestTargetID = 1F7EDE131D45E0D200ABED5D;
					};
				};
			};
			buildConfigurationList = 1F7EDE0F1D45E0D200ABED5D /* Build configuration list for PBXProject "Fifish" */;
			compatibilityVersion = "Xcode 3.2";
			developmentRegion = English;
			hasScannedForEncodings = 0;
			knownRegions = (
				en,
				Base,
			);
			mainGroup = 1F7EDE0B1D45E0D200ABED5D;
			productRefGroup = 1F7EDE151D45E0D200ABED5D /* Products */;
			projectDirPath = "";
			projectRoot = "";
			targets = (
				1F7EDE131D45E0D200ABED5D /* Fifish */,
				1F7EDE2C1D45E0D300ABED5D /* FifishTests */,
				1F7EDE371D45E0D300ABED5D /* FifishUITests */,
			);
		};
/* End PBXProject section */

/* Begin PBXResourcesBuildPhase section */
		1F7EDE121D45E0D200ABED5D /* Resources */ = {
			isa = PBXResourcesBuildPhase;
			buildActionMask = 2147483647;
			files = (
				1F7EDE271D45E0D300ABED5D /* LaunchScreen.storyboard in Resources */,
				1F7EDE241D45E0D300ABED5D /* Assets.xcassets in Resources */,
				1F7EDE991D45EF6900ABED5D /* FSHomeViewController.xib in Resources */,
				1F7EDE9D1D45EF6900ABED5D /* FSMediaViewController.xib in Resources */,
				1F7EDE9B1D45EF6900ABED5D /* FSMeViewController.xib in Resources */,
				1F7EDE971D45EF6900ABED5D /* FSFoundViewController.xib in Resources */,
				1F7EDE951D45EF6900ABED5D /* FSEquipmentViewController.xib in Resources */,
			);
			runOnlyForDeploymentPostprocessing = 0;
		};
		1F7EDE2B1D45E0D300ABED5D /* Resources */ = {
			isa = PBXResourcesBuildPhase;
			buildActionMask = 2147483647;
			files = (
			);
			runOnlyForDeploymentPostprocessing = 0;
		};
		1F7EDE361D45E0D300ABED5D /* Resources */ = {
			isa = PBXResourcesBuildPhase;
			buildActionMask = 2147483647;
			files = (
			);
			runOnlyForDeploymentPostprocessing = 0;
		};
/* End PBXResourcesBuildPhase section */

/* Begin PBXSourcesBuildPhase section */
		1F7EDE101D45E0D200ABED5D /* Sources */ = {
			isa = PBXSourcesBuildPhase;
			buildActionMask = 2147483647;
			files = (
				1F7EDEA21D45F15D00ABED5D /* FSTabBar.m in Sources */,
				1F7EDE9F1D45EF6900ABED5D /* FSTabBarController.m in Sources */,
				1F7EDE9C1D45EF6900ABED5D /* FSMediaViewController.m in Sources */,
				1F7EDEA61D45F4AD00ABED5D /* UIView+FSExtension.m in Sources */,
				1F7EDEA91D45F9A500ABED5D /* FSConst.m in Sources */,
				1F7EDE961D45EF6900ABED5D /* FSFoundViewController.m in Sources */,
				1F7EDE941D45EF6900ABED5D /* FSEquipmentViewController.m in Sources */,
				1F7EDE9A1D45EF6900ABED5D /* FSMeViewController.m in Sources */,
				1F7EDE981D45EF6900ABED5D /* FSHomeViewController.m in Sources */,
				1F7EDE191D45E0D300ABED5D /* main.m in Sources */,
				1F7EDE9E1D45EF6900ABED5D /* AppDelegate.m in Sources */,
				1F7EDEAE1D45FFCA00ABED5D /* UIColor+FSExtension.m in Sources */,
			);
			runOnlyForDeploymentPostprocessing = 0;
		};
		1F7EDE291D45E0D300ABED5D /* Sources */ = {
			isa = PBXSourcesBuildPhase;
			buildActionMask = 2147483647;
			files = (
				1F7EDE321D45E0D300ABED5D /* FifishTests.m in Sources */,
			);
			runOnlyForDeploymentPostprocessing = 0;
		};
		1F7EDE341D45E0D300ABED5D /* Sources */ = {
			isa = PBXSourcesBuildPhase;
			buildActionMask = 2147483647;
			files = (
				1F7EDE3D1D45E0D300ABED5D /* FifishUITests.m in Sources */,
			);
			runOnlyForDeploymentPostprocessing = 0;
		};
/* End PBXSourcesBuildPhase section */

/* Begin PBXTargetDependency section */
		1F7EDE2F1D45E0D300ABED5D /* PBXTargetDependency */ = {
			isa = PBXTargetDependency;
			target = 1F7EDE131D45E0D200ABED5D /* Fifish */;
			targetProxy = 1F7EDE2E1D45E0D300ABED5D /* PBXContainerItemProxy */;
		};
		1F7EDE3A1D45E0D300ABED5D /* PBXTargetDependency */ = {
			isa = PBXTargetDependency;
			target = 1F7EDE131D45E0D200ABED5D /* Fifish */;
			targetProxy = 1F7EDE391D45E0D300ABED5D /* PBXContainerItemProxy */;
		};
/* End PBXTargetDependency section */

/* Begin PBXVariantGroup section */
		1F7EDE251D45E0D300ABED5D /* LaunchScreen.storyboard */ = {
			isa = PBXVariantGroup;
			children = (
				1F7EDE261D45E0D300ABED5D /* Base */,
			);
			name = LaunchScreen.storyboard;
			sourceTree = "<group>";
		};
/* End PBXVariantGroup section */

/* Begin XCBuildConfiguration section */
		1F7EDE3F1D45E0D300ABED5D /* Debug */ = {
			isa = XCBuildConfiguration;
			buildSettings = {
				ALWAYS_SEARCH_USER_PATHS = NO;
				CLANG_ANALYZER_NONNULL = YES;
				CLANG_CXX_LANGUAGE_STANDARD = "gnu++0x";
				CLANG_CXX_LIBRARY = "libc++";
				CLANG_ENABLE_MODULES = YES;
				CLANG_ENABLE_OBJC_ARC = YES;
				CLANG_WARN_BOOL_CONVERSION = YES;
				CLANG_WARN_CONSTANT_CONVERSION = YES;
				CLANG_WARN_DIRECT_OBJC_ISA_USAGE = YES_ERROR;
				CLANG_WARN_EMPTY_BODY = YES;
				CLANG_WARN_ENUM_CONVERSION = YES;
				CLANG_WARN_INT_CONVERSION = YES;
				CLANG_WARN_OBJC_ROOT_CLASS = YES_ERROR;
				CLANG_WARN_UNREACHABLE_CODE = YES;
				CLANG_WARN__DUPLICATE_METHOD_MATCH = YES;
				"CODE_SIGN_IDENTITY[sdk=iphoneos*]" = "iPhone Developer: Xiaoyi Tian (65JXH7V6N9)";
				COPY_PHASE_STRIP = NO;
				DEBUG_INFORMATION_FORMAT = dwarf;
				ENABLE_STRICT_OBJC_MSGSEND = YES;
				ENABLE_TESTABILITY = YES;
				GCC_C_LANGUAGE_STANDARD = gnu99;
				GCC_DYNAMIC_NO_PIC = NO;
				GCC_NO_COMMON_BLOCKS = YES;
				GCC_OPTIMIZATION_LEVEL = 0;
				GCC_PREPROCESSOR_DEFINITIONS = (
					"DEBUG=1",
					"$(inherited)",
				);
				GCC_WARN_64_TO_32_BIT_CONVERSION = YES;
				GCC_WARN_ABOUT_RETURN_TYPE = YES_ERROR;
				GCC_WARN_UNDECLARED_SELECTOR = YES;
				GCC_WARN_UNINITIALIZED_AUTOS = YES_AGGRESSIVE;
				GCC_WARN_UNUSED_FUNCTION = YES;
				GCC_WARN_UNUSED_VARIABLE = YES;
				IPHONEOS_DEPLOYMENT_TARGET = 9.3;
				MTL_ENABLE_DEBUG_INFO = YES;
				ONLY_ACTIVE_ARCH = YES;
				PROVISIONING_PROFILE = "16255bf4-8ba0-41dd-971d-c2ea2c131f30";
				SDKROOT = iphoneos;
			};
			name = Debug;
		};
		1F7EDE401D45E0D300ABED5D /* Release */ = {
			isa = XCBuildConfiguration;
			buildSettings = {
				ALWAYS_SEARCH_USER_PATHS = NO;
				CLANG_ANALYZER_NONNULL = YES;
				CLANG_CXX_LANGUAGE_STANDARD = "gnu++0x";
				CLANG_CXX_LIBRARY = "libc++";
				CLANG_ENABLE_MODULES = YES;
				CLANG_ENABLE_OBJC_ARC = YES;
				CLANG_WARN_BOOL_CONVERSION = YES;
				CLANG_WARN_CONSTANT_CONVERSION = YES;
				CLANG_WARN_DIRECT_OBJC_ISA_USAGE = YES_ERROR;
				CLANG_WARN_EMPTY_BODY = YES;
				CLANG_WARN_ENUM_CONVERSION = YES;
				CLANG_WARN_INT_CONVERSION = YES;
				CLANG_WARN_OBJC_ROOT_CLASS = YES_ERROR;
				CLANG_WARN_UNREACHABLE_CODE = YES;
				CLANG_WARN__DUPLICATE_METHOD_MATCH = YES;
				"CODE_SIGN_IDENTITY[sdk=iphoneos*]" = "iPhone Developer: Xiaoyi Tian (65JXH7V6N9)";
				COPY_PHASE_STRIP = NO;
				DEBUG_INFORMATION_FORMAT = "dwarf-with-dsym";
				ENABLE_NS_ASSERTIONS = NO;
				ENABLE_STRICT_OBJC_MSGSEND = YES;
				GCC_C_LANGUAGE_STANDARD = gnu99;
				GCC_NO_COMMON_BLOCKS = YES;
				GCC_WARN_64_TO_32_BIT_CONVERSION = YES;
				GCC_WARN_ABOUT_RETURN_TYPE = YES_ERROR;
				GCC_WARN_UNDECLARED_SELECTOR = YES;
				GCC_WARN_UNINITIALIZED_AUTOS = YES_AGGRESSIVE;
				GCC_WARN_UNUSED_FUNCTION = YES;
				GCC_WARN_UNUSED_VARIABLE = YES;
				IPHONEOS_DEPLOYMENT_TARGET = 9.3;
				MTL_ENABLE_DEBUG_INFO = NO;
				PROVISIONING_PROFILE = "16255bf4-8ba0-41dd-971d-c2ea2c131f30";
				SDKROOT = iphoneos;
				VALIDATE_PRODUCT = YES;
			};
			name = Release;
		};
		1F7EDE421D45E0D300ABED5D /* Debug */ = {
			isa = XCBuildConfiguration;
			buildSettings = {
				ASSETCATALOG_COMPILER_APPICON_NAME = AppIcon;
				CODE_SIGN_IDENTITY = "iPhone Developer";
				INFOPLIST_FILE = Fifish/Info.plist;
				LD_RUNPATH_SEARCH_PATHS = "$(inherited) @executable_path/Frameworks";
				PRODUCT_BUNDLE_IDENTIFIER = com.qiyuan.fifish;
				PRODUCT_NAME = "$(TARGET_NAME)";
			};
			name = Debug;
		};
		1F7EDE431D45E0D300ABED5D /* Release */ = {
			isa = XCBuildConfiguration;
			buildSettings = {
				ASSETCATALOG_COMPILER_APPICON_NAME = AppIcon;
				CODE_SIGN_IDENTITY = "iPhone Developer";
				INFOPLIST_FILE = Fifish/Info.plist;
				LD_RUNPATH_SEARCH_PATHS = "$(inherited) @executable_path/Frameworks";
				PRODUCT_BUNDLE_IDENTIFIER = com.qiyuan.fifish;
				PRODUCT_NAME = "$(TARGET_NAME)";
			};
			name = Release;
		};
		1F7EDE451D45E0D300ABED5D /* Debug */ = {
			isa = XCBuildConfiguration;
			buildSettings = {
				BUNDLE_LOADER = "$(TEST_HOST)";
				INFOPLIST_FILE = FifishTests/Info.plist;
				LD_RUNPATH_SEARCH_PATHS = "$(inherited) @executable_path/Frameworks @loader_path/Frameworks";
				PRODUCT_BUNDLE_IDENTIFIER = com.THN.FifishTests;
				PRODUCT_NAME = "$(TARGET_NAME)";
				TEST_HOST = "$(BUILT_PRODUCTS_DIR)/Fifish.app/Fifish";
			};
			name = Debug;
		};
		1F7EDE461D45E0D300ABED5D /* Release */ = {
			isa = XCBuildConfiguration;
			buildSettings = {
				BUNDLE_LOADER = "$(TEST_HOST)";
				INFOPLIST_FILE = FifishTests/Info.plist;
				LD_RUNPATH_SEARCH_PATHS = "$(inherited) @executable_path/Frameworks @loader_path/Frameworks";
				PRODUCT_BUNDLE_IDENTIFIER = com.THN.FifishTests;
				PRODUCT_NAME = "$(TARGET_NAME)";
				TEST_HOST = "$(BUILT_PRODUCTS_DIR)/Fifish.app/Fifish";
			};
			name = Release;
		};
		1F7EDE481D45E0D300ABED5D /* Debug */ = {
			isa = XCBuildConfiguration;
			buildSettings = {
				INFOPLIST_FILE = FifishUITests/Info.plist;
				LD_RUNPATH_SEARCH_PATHS = "$(inherited) @executable_path/Frameworks @loader_path/Frameworks";
				PRODUCT_BUNDLE_IDENTIFIER = com.THN.FifishUITests;
				PRODUCT_NAME = "$(TARGET_NAME)";
				TEST_TARGET_NAME = Fifish;
			};
			name = Debug;
		};
		1F7EDE491D45E0D300ABED5D /* Release */ = {
			isa = XCBuildConfiguration;
			buildSettings = {
				INFOPLIST_FILE = FifishUITests/Info.plist;
				LD_RUNPATH_SEARCH_PATHS = "$(inherited) @executable_path/Frameworks @loader_path/Frameworks";
				PRODUCT_BUNDLE_IDENTIFIER = com.THN.FifishUITests;
				PRODUCT_NAME = "$(TARGET_NAME)";
				TEST_TARGET_NAME = Fifish;
			};
			name = Release;
		};
/* End XCBuildConfiguration section */

/* Begin XCConfigurationList section */
		1F7EDE0F1D45E0D200ABED5D /* Build configuration list for PBXProject "Fifish" */ = {
			isa = XCConfigurationList;
			buildConfigurations = (
				1F7EDE3F1D45E0D300ABED5D /* Debug */,
				1F7EDE401D45E0D300ABED5D /* Release */,
			);
			defaultConfigurationIsVisible = 0;
			defaultConfigurationName = Release;
		};
		1F7EDE411D45E0D300ABED5D /* Build configuration list for PBXNativeTarget "Fifish" */ = {
			isa = XCConfigurationList;
			buildConfigurations = (
				1F7EDE421D45E0D300ABED5D /* Debug */,
				1F7EDE431D45E0D300ABED5D /* Release */,
			);
			defaultConfigurationIsVisible = 0;
		};
		1F7EDE441D45E0D300ABED5D /* Build configuration list for PBXNativeTarget "FifishTests" */ = {
			isa = XCConfigurationList;
			buildConfigurations = (
				1F7EDE451D45E0D300ABED5D /* Debug */,
				1F7EDE461D45E0D300ABED5D /* Release */,
			);
			defaultConfigurationIsVisible = 0;
		};
		1F7EDE471D45E0D300ABED5D /* Build configuration list for PBXNativeTarget "FifishUITests" */ = {
			isa = XCConfigurationList;
			buildConfigurations = (
				1F7EDE481D45E0D300ABED5D /* Debug */,
				1F7EDE491D45E0D300ABED5D /* Release */,
			);
			defaultConfigurationIsVisible = 0;
		};
/* End XCConfigurationList section */
	};
	rootObject = 1F7EDE0C1D45E0D200ABED5D /* Project object */;
}
